
Microsoft Visual Studio Solution File, Format Version 12.00
# Visual Studio 14
VisualStudioVersion = 14.0.23107.0
MinimumVisualStudioVersion = 10.0.40219.1
Project("{FAE04EC0-301F-11D3-BF4B-00C04F79EFBC}") = "POH5Luokat", "POH5Luokat\POH5Luokat.csproj", "{0BB197E7-1C31-4D50-B6AA-701728C8FA7E}"
EndProject
Project("{FAE04EC0-301F-11D3-BF4B-00C04F79EFBC}") = "POH5Data", "POH5Data\POH5Data.csproj", "{D399789A-2986-44E2-B875-410CCC607E93}"
EndProject
Global
	GlobalSection(SolutionConfigurationPlatforms) = preSolution
		Debug|Any CPU = Debug|Any CPU
		Release|Any CPU = Release|Any CPU
	EndGlobalSection
	GlobalSection(ProjectConfigurationPlatforms) = postSolution
		{0BB197E7-1C31-4D50-B6AA-701728C8FA7E}.Debug|Any CPU.ActiveCfg = Debug|Any CPU
		{0BB197E7-1C31-4D50-B6AA-701728C8FA7E}.Debug|Any CPU.Build.0 = Debug|Any CPU
		{0BB197E7-1C31-4D50-B6AA-701728C8FA7E}.Release|Any CPU.ActiveCfg = Release|Any CPU
		{0BB197E7-1C31-4D50-B6AA-701728C8FA7E}.Release|Any CPU.Build.0 = Release|Any CPU
		{D399789A-2986-44E2-B875-410CCC607E93}.Debug|Any CPU.ActiveCfg = Debug|Any CPU
		{D399789A-2986-44E2-B875-410CCC607E93}.Debug|Any CPU.Build.0 = Debug|Any CPU
		{D399789A-2986-44E2-B875-410CCC607E93}.Release|Any CPU.ActiveCfg = Release|Any CPU
		{D399789A-2986-44E2-B875-410CCC607E93}.Release|Any CPU.Build.0 = Release|Any CPU
	EndGlobalSection
	GlobalSection(SolutionProperties) = preSolution
		HideSolutionNode = FALSE
	EndGlobalSection
EndGlobal
